// !$*UTF8*$!
{
	archiveVersion = 1;
	classes = {
	};
	objectVersion = 55;
	objects = {

/* Begin PBXBuildFile section */
		7805890827954957007A327E /* AppDelegate.swift in Sources */ = {isa = PBXBuildFile; fileRef = 7805890727954957007A327E /* AppDelegate.swift */; };
		7805890A27954957007A327E /* SceneDelegate.swift in Sources */ = {isa = PBXBuildFile; fileRef = 7805890927954957007A327E /* SceneDelegate.swift */; };
		7805891127954959007A327E /* Assets.xcassets in Resources */ = {isa = PBXBuildFile; fileRef = 7805891027954959007A327E /* Assets.xcassets */; };
		7805891427954959007A327E /* LaunchScreen.storyboard in Resources */ = {isa = PBXBuildFile; fileRef = 7805891227954959007A327E /* LaunchScreen.storyboard */; };
		780589212795532F007A327E /* Utilities.swift in Sources */ = {isa = PBXBuildFile; fileRef = 780589202795532F007A327E /* Utilities.swift */; };
		7805892327955342007A327E /* Constants.swift in Sources */ = {isa = PBXBuildFile; fileRef = 7805892227955342007A327E /* Constants.swift */; };
		780589312795558F007A327E /* MenuVC.swift in Sources */ = {isa = PBXBuildFile; fileRef = 780589302795558F007A327E /* MenuVC.swift */; };
		7805893A27958BF2007A327E /* Menu.storyboard in Resources */ = {isa = PBXBuildFile; fileRef = 7805893927958BF2007A327E /* Menu.storyboard */; };
		7805894527959B8B007A327E /* OptionalListCell.swift in Sources */ = {isa = PBXBuildFile; fileRef = 7805894327959B8B007A327E /* OptionalListCell.swift */; };
		780589492795A475007A327E /* ListItemCell.swift in Sources */ = {isa = PBXBuildFile; fileRef = 780589472795A475007A327E /* ListItemCell.swift */; };
		7805897A2796A886007A327E /* PopulateMenuProtocols.swift in Sources */ = {isa = PBXBuildFile; fileRef = 780589792796A886007A327E /* PopulateMenuProtocols.swift */; };
		7805897C2796B8DC007A327E /* PopulateMenuPresenter.swift in Sources */ = {isa = PBXBuildFile; fileRef = 7805897B2796B8DC007A327E /* PopulateMenuPresenter.swift */; };
		7805897F2796CBAD007A327E /* PopulateMenuInteractor.swift in Sources */ = {isa = PBXBuildFile; fileRef = 7805897E2796CBAD007A327E /* PopulateMenuInteractor.swift */; };
		780589812796CE3A007A327E /* PopulateMenuRouter.swift in Sources */ = {isa = PBXBuildFile; fileRef = 780589802796CE3A007A327E /* PopulateMenuRouter.swift */; };
		780C7CC727A01AB9008C8D53 /* Profile.storyboard in Resources */ = {isa = PBXBuildFile; fileRef = 780C7CC627A01AB9008C8D53 /* Profile.storyboard */; };
		780C7CC927A01AC4008C8D53 /* Profile.swift in Sources */ = {isa = PBXBuildFile; fileRef = 780C7CC827A01AC4008C8D53 /* Profile.swift */; };
		780C7CCE27A01B95008C8D53 /* Search.swift in Sources */ = {isa = PBXBuildFile; fileRef = 780C7CCD27A01B95008C8D53 /* Search.swift */; };
		780C7CD027A02E51008C8D53 /* SearchPresenter.swift in Sources */ = {isa = PBXBuildFile; fileRef = 780C7CCF27A02E51008C8D53 /* SearchPresenter.swift */; };
		780C7CD227A02E98008C8D53 /* SearchInteractor.swift in Sources */ = {isa = PBXBuildFile; fileRef = 780C7CD127A02E98008C8D53 /* SearchInteractor.swift */; };
		780C7CD427A11D7C008C8D53 /* ProfileInteractor.swift in Sources */ = {isa = PBXBuildFile; fileRef = 780C7CD327A11D7C008C8D53 /* ProfileInteractor.swift */; };
		780C7CD627A11D96008C8D53 /* ProfilePresenter.swift in Sources */ = {isa = PBXBuildFile; fileRef = 780C7CD527A11D96008C8D53 /* ProfilePresenter.swift */; };
		780C7D1A27A2D643008C8D53 /* ProtocolDataSource.swift in Sources */ = {isa = PBXBuildFile; fileRef = 780C7D1927A2D643008C8D53 /* ProtocolDataSource.swift */; };
		780C7D2427A3D2A8008C8D53 /* ToDoApp.xcdatamodeld in Sources */ = {isa = PBXBuildFile; fileRef = 780C7D2227A3D2A8008C8D53 /* ToDoApp.xcdatamodeld */; };
		780C7D3327A3F7B7008C8D53 /* ProtocolDataRepository.swift in Sources */ = {isa = PBXBuildFile; fileRef = 780C7D3227A3F7B7008C8D53 /* ProtocolDataRepository.swift */; };
		780C7D3727A3FBE9008C8D53 /* CoreData.swift in Sources */ = {isa = PBXBuildFile; fileRef = 780C7D3627A3FBE9008C8D53 /* CoreData.swift */; };
		780C7D3927A3FC07008C8D53 /* DataRepository.swift in Sources */ = {isa = PBXBuildFile; fileRef = 780C7D3827A3FC07008C8D53 /* DataRepository.swift */; };
		780C7D5127A41391008C8D53 /* ListItem+CoreDataClass.swift in Sources */ = {isa = PBXBuildFile; fileRef = 780C7D4927A41391008C8D53 /* ListItem+CoreDataClass.swift */; };
		780C7D5227A41391008C8D53 /* ListItem+CoreDataProperties.swift in Sources */ = {isa = PBXBuildFile; fileRef = 780C7D4A27A41391008C8D53 /* ListItem+CoreDataProperties.swift */; };
		780C7D5527A41391008C8D53 /* List+CoreDataClass.swift in Sources */ = {isa = PBXBuildFile; fileRef = 780C7D4D27A41391008C8D53 /* List+CoreDataClass.swift */; };
		780C7D5627A41391008C8D53 /* List+CoreDataProperties.swift in Sources */ = {isa = PBXBuildFile; fileRef = 780C7D4E27A41391008C8D53 /* List+CoreDataProperties.swift */; };
		780C7D5F27A7E6E9008C8D53 /* Group+CoreDataClass.swift in Sources */ = {isa = PBXBuildFile; fileRef = 780C7D5D27A7E6E9008C8D53 /* Group+CoreDataClass.swift */; };
		780C7D6027A7E6E9008C8D53 /* Group+CoreDataProperties.swift in Sources */ = {isa = PBXBuildFile; fileRef = 780C7D5E27A7E6E9008C8D53 /* Group+CoreDataProperties.swift */; };
		780C7D6727A7F26A008C8D53 /* Counters+CoreDataClass.swift in Sources */ = {isa = PBXBuildFile; fileRef = 780C7D6527A7F26A008C8D53 /* Counters+CoreDataClass.swift */; };
		780C7D6827A7F26A008C8D53 /* Counters+CoreDataProperties.swift in Sources */ = {isa = PBXBuildFile; fileRef = 780C7D6627A7F26A008C8D53 /* Counters+CoreDataProperties.swift */; };
		780C7D7C27AA553A008C8D53 /* GroupPrompt.swift in Sources */ = {isa = PBXBuildFile; fileRef = 780C7D7B27AA553A008C8D53 /* GroupPrompt.swift */; };
		782DA71027ABCE1A00FBA666 /* GroupOptions.swift in Sources */ = {isa = PBXBuildFile; fileRef = 782DA70F27ABCE1A00FBA666 /* GroupOptions.swift */; };
		782DA71627ABE75C00FBA666 /* GroupOptions.storyboard in Resources */ = {isa = PBXBuildFile; fileRef = 782DA71527ABE75C00FBA666 /* GroupOptions.storyboard */; };
		7836BADF27AD73F200CC860D /* Listing.swift in Sources */ = {isa = PBXBuildFile; fileRef = 7836BADE27AD73F200CC860D /* Listing.swift */; };
		7878119427BB9D92004DA85E /* TestingGroupCell.swift in Sources */ = {isa = PBXBuildFile; fileRef = 7878119327BB9D92004DA85E /* TestingGroupCell.swift */; };
		78937E0927BCE264002B01A5 /* WallPaperManager.swift in Sources */ = {isa = PBXBuildFile; fileRef = 78937E0827BCE264002B01A5 /* WallPaperManager.swift */; };
		78937E3027BE2F3D002B01A5 /* NIBSectionHeader.swift in Sources */ = {isa = PBXBuildFile; fileRef = 78937E2F27BE2F3D002B01A5 /* NIBSectionHeader.swift */; };
		78937E3627BE32F9002B01A5 /* NIBSectionHeader.xib in Resources */ = {isa = PBXBuildFile; fileRef = 78937E3527BE32F9002B01A5 /* NIBSectionHeader.xib */; };
		78CDDEB727AD5C5800210B26 /* GroupPrompt.storyboard in Resources */ = {isa = PBXBuildFile; fileRef = 78CDDEB627AD5C5800210B26 /* GroupPrompt.storyboard */; };
		78CF7F0D279A977B00AC6182 /* SearchRouter.swift in Sources */ = {isa = PBXBuildFile; fileRef = 78CF7F0C279A977B00AC6182 /* SearchRouter.swift */; };
		78CF7F0F279A978600AC6182 /* ProfileRouter.swift in Sources */ = {isa = PBXBuildFile; fileRef = 78CF7F0E279A978600AC6182 /* ProfileRouter.swift */; };
		78CF7F11279A979300AC6182 /* PopulateListRouter.swift in Sources */ = {isa = PBXBuildFile; fileRef = 78CF7F10279A979300AC6182 /* PopulateListRouter.swift */; };
		78CF7F13279A98EB00AC6182 /* PopulateListProtocols.swift in Sources */ = {isa = PBXBuildFile; fileRef = 78CF7F12279A98EB00AC6182 /* PopulateListProtocols.swift */; };
		78CF7F15279A98F700AC6182 /* ProfileProtocols.swift in Sources */ = {isa = PBXBuildFile; fileRef = 78CF7F14279A98F700AC6182 /* ProfileProtocols.swift */; };
		78CF7F17279A990300AC6182 /* SearchProtocols.swift in Sources */ = {isa = PBXBuildFile; fileRef = 78CF7F16279A990300AC6182 /* SearchProtocols.swift */; };
		78CF7F1B279AA3C700AC6182 /* PopulateList.swift in Sources */ = {isa = PBXBuildFile; fileRef = 78CF7F1A279AA3C700AC6182 /* PopulateList.swift */; };
		78CF7F1E279AA3FC00AC6182 /* PopulateList.storyboard in Resources */ = {isa = PBXBuildFile; fileRef = 78CF7F1D279AA3FC00AC6182 /* PopulateList.storyboard */; };
		78CF7F20279AC91B00AC6182 /* PopulateListPresenter.swift in Sources */ = {isa = PBXBuildFile; fileRef = 78CF7F1F279AC91B00AC6182 /* PopulateListPresenter.swift */; };
		78CF7F22279ACBC600AC6182 /* PopulateListInteractor.swift in Sources */ = {isa = PBXBuildFile; fileRef = 78CF7F21279ACBC600AC6182 /* PopulateListInteractor.swift */; };
		78CFF88F27BBDE1800341BD0 /* WallpaperCollectionCell.swift in Sources */ = {isa = PBXBuildFile; fileRef = 78CFF88D27BBDE1800341BD0 /* WallpaperCollectionCell.swift */; };
		78CFF89027BBDE1800341BD0 /* WallpaperCollectionCell.xib in Resources */ = {isa = PBXBuildFile; fileRef = 78CFF88E27BBDE1800341BD0 /* WallpaperCollectionCell.xib */; };
		78F2D1E027B6910A00A3DDA0 /* CoreDataManager.swift in Sources */ = {isa = PBXBuildFile; fileRef = 78F2D1DF27B6910A00A3DDA0 /* CoreDataManager.swift */; };
		78F2D1E327B6939700A3DDA0 /* LoggingSystemFlow.swift in Sources */ = {isa = PBXBuildFile; fileRef = 78F2D1E227B6939700A3DDA0 /* LoggingSystemFlow.swift */; };
		78F2D1E527B693CE00A3DDA0 /* Results.swift in Sources */ = {isa = PBXBuildFile; fileRef = 78F2D1E427B693CE00A3DDA0 /* Results.swift */; };
		78F2D1E827BA4AD100A3DDA0 /* ResultCell.swift in Sources */ = {isa = PBXBuildFile; fileRef = 78F2D1E727BA4AD100A3DDA0 /* ResultCell.swift */; };
		78F2D1EA27BA4B5F00A3DDA0 /* Search.storyboard in Resources */ = {isa = PBXBuildFile; fileRef = 78F2D1E927BA4B5F00A3DDA0 /* Search.storyboard */; };
		78F2D1ED27BA628500A3DDA0 /* Tester.storyboard in Resources */ = {isa = PBXBuildFile; fileRef = 78F2D1EC27BA628500A3DDA0 /* Tester.storyboard */; };
		78F2D1EF27BA629A00A3DDA0 /* Tester.swift in Sources */ = {isa = PBXBuildFile; fileRef = 78F2D1EE27BA629A00A3DDA0 /* Tester.swift */; };
		78F2D1F227BA8B4A00A3DDA0 /* TestingListCell.swift in Sources */ = {isa = PBXBuildFile; fileRef = 78F2D1F127BA8B4A00A3DDA0 /* TestingListCell.swift */; };
		78F2D1F427BA8B5900A3DDA0 /* TestingListItemCell.swift in Sources */ = {isa = PBXBuildFile; fileRef = 78F2D1F327BA8B5900A3DDA0 /* TestingListItemCell.swift */; };
/* End PBXBuildFile section */

/* Begin PBXFileReference section */
		7805890427954957007A327E /* TestProject.app */ = {isa = PBXFileReference; explicitFileType = wrapper.application; includeInIndex = 0; path = TestProject.app; sourceTree = BUILT_PRODUCTS_DIR; };
		7805890727954957007A327E /* AppDelegate.swift */ = {isa = PBXFileReference; lastKnownFileType = sourcecode.swift; path = AppDelegate.swift; sourceTree = "<group>"; };
		7805890927954957007A327E /* SceneDelegate.swift */ = {isa = PBXFileReference; lastKnownFileType = sourcecode.swift; path = SceneDelegate.swift; sourceTree = "<group>"; };
		7805891027954959007A327E /* Assets.xcassets */ = {isa = PBXFileReference; lastKnownFileType = folder.assetcatalog; path = Assets.xcassets; sourceTree = "<group>"; };
		7805891327954959007A327E /* Base */ = {isa = PBXFileReference; lastKnownFileType = file.storyboard; name = Base; path = Base.lproj/LaunchScreen.storyboard; sourceTree = "<group>"; };
		7805891527954959007A327E /* Info.plist */ = {isa = PBXFileReference; lastKnownFileType = text.plist.xml; path = Info.plist; sourceTree = "<group>"; };
		780589202795532F007A327E /* Utilities.swift */ = {isa = PBXFileReference; lastKnownFileType = sourcecode.swift; path = Utilities.swift; sourceTree = "<group>"; };
		7805892227955342007A327E /* Constants.swift */ = {isa = PBXFileReference; lastKnownFileType = sourcecode.swift; path = Constants.swift; sourceTree = "<group>"; };
		780589302795558F007A327E /* MenuVC.swift */ = {isa = PBXFileReference; lastKnownFileType = sourcecode.swift; path = MenuVC.swift; sourceTree = "<group>"; };
		7805893927958BF2007A327E /* Menu.storyboard */ = {isa = PBXFileReference; lastKnownFileType = file.storyboard; path = Menu.storyboard; sourceTree = "<group>"; };
		7805894327959B8B007A327E /* OptionalListCell.swift */ = {isa = PBXFileReference; lastKnownFileType = sourcecode.swift; path = OptionalListCell.swift; sourceTree = "<group>"; };
		780589472795A475007A327E /* ListItemCell.swift */ = {isa = PBXFileReference; lastKnownFileType = sourcecode.swift; path = ListItemCell.swift; sourceTree = "<group>"; };
		780589792796A886007A327E /* PopulateMenuProtocols.swift */ = {isa = PBXFileReference; lastKnownFileType = sourcecode.swift; path = PopulateMenuProtocols.swift; sourceTree = "<group>"; };
		7805897B2796B8DC007A327E /* PopulateMenuPresenter.swift */ = {isa = PBXFileReference; lastKnownFileType = sourcecode.swift; path = PopulateMenuPresenter.swift; sourceTree = "<group>"; };
		7805897E2796CBAD007A327E /* PopulateMenuInteractor.swift */ = {isa = PBXFileReference; lastKnownFileType = sourcecode.swift; path = PopulateMenuInteractor.swift; sourceTree = "<group>"; };
		780589802796CE3A007A327E /* PopulateMenuRouter.swift */ = {isa = PBXFileReference; lastKnownFileType = sourcecode.swift; path = PopulateMenuRouter.swift; sourceTree = "<group>"; };
		780C7CC627A01AB9008C8D53 /* Profile.storyboard */ = {isa = PBXFileReference; lastKnownFileType = file.storyboard; path = Profile.storyboard; sourceTree = "<group>"; };
		780C7CC827A01AC4008C8D53 /* Profile.swift */ = {isa = PBXFileReference; lastKnownFileType = sourcecode.swift; path = Profile.swift; sourceTree = "<group>"; };
		780C7CCD27A01B95008C8D53 /* Search.swift */ = {isa = PBXFileReference; lastKnownFileType = sourcecode.swift; path = Search.swift; sourceTree = "<group>"; };
		780C7CCF27A02E51008C8D53 /* SearchPresenter.swift */ = {isa = PBXFileReference; lastKnownFileType = sourcecode.swift; path = SearchPresenter.swift; sourceTree = "<group>"; };
		780C7CD127A02E98008C8D53 /* SearchInteractor.swift */ = {isa = PBXFileReference; lastKnownFileType = sourcecode.swift; path = SearchInteractor.swift; sourceTree = "<group>"; };
		780C7CD327A11D7C008C8D53 /* ProfileInteractor.swift */ = {isa = PBXFileReference; lastKnownFileType = sourcecode.swift; path = ProfileInteractor.swift; sourceTree = "<group>"; };
		780C7CD527A11D96008C8D53 /* ProfilePresenter.swift */ = {isa = PBXFileReference; lastKnownFileType = sourcecode.swift; path = ProfilePresenter.swift; sourceTree = "<group>"; };
		780C7D1927A2D643008C8D53 /* ProtocolDataSource.swift */ = {isa = PBXFileReference; lastKnownFileType = sourcecode.swift; path = ProtocolDataSource.swift; sourceTree = "<group>"; };
		780C7D2327A3D2A8008C8D53 /* ToDoApp.xcdatamodel */ = {isa = PBXFileReference; lastKnownFileType = wrapper.xcdatamodel; path = ToDoApp.xcdatamodel; sourceTree = "<group>"; };
		780C7D3227A3F7B7008C8D53 /* ProtocolDataRepository.swift */ = {isa = PBXFileReference; lastKnownFileType = sourcecode.swift; path = ProtocolDataRepository.swift; sourceTree = "<group>"; };
		780C7D3627A3FBE9008C8D53 /* CoreData.swift */ = {isa = PBXFileReference; lastKnownFileType = sourcecode.swift; path = CoreData.swift; sourceTree = "<group>"; };
		780C7D3827A3FC07008C8D53 /* DataRepository.swift */ = {isa = PBXFileReference; lastKnownFileType = sourcecode.swift; path = DataRepository.swift; sourceTree = "<group>"; };
		780C7D4927A41391008C8D53 /* ListItem+CoreDataClass.swift */ = {isa = PBXFileReference; lastKnownFileType = sourcecode.swift; path = "ListItem+CoreDataClass.swift"; sourceTree = "<group>"; };
		780C7D4A27A41391008C8D53 /* ListItem+CoreDataProperties.swift */ = {isa = PBXFileReference; lastKnownFileType = sourcecode.swift; path = "ListItem+CoreDataProperties.swift"; sourceTree = "<group>"; };
		780C7D4D27A41391008C8D53 /* List+CoreDataClass.swift */ = {isa = PBXFileReference; lastKnownFileType = sourcecode.swift; path = "List+CoreDataClass.swift"; sourceTree = "<group>"; };
		780C7D4E27A41391008C8D53 /* List+CoreDataProperties.swift */ = {isa = PBXFileReference; lastKnownFileType = sourcecode.swift; path = "List+CoreDataProperties.swift"; sourceTree = "<group>"; };
		780C7D5D27A7E6E9008C8D53 /* Group+CoreDataClass.swift */ = {isa = PBXFileReference; lastKnownFileType = sourcecode.swift; name = "Group+CoreDataClass.swift"; path = "../../../Group+CoreDataClass.swift"; sourceTree = "<group>"; };
		780C7D5E27A7E6E9008C8D53 /* Group+CoreDataProperties.swift */ = {isa = PBXFileReference; lastKnownFileType = sourcecode.swift; name = "Group+CoreDataProperties.swift"; path = "../../../Group+CoreDataProperties.swift"; sourceTree = "<group>"; };
		780C7D6527A7F26A008C8D53 /* Counters+CoreDataClass.swift */ = {isa = PBXFileReference; lastKnownFileType = sourcecode.swift; path = "Counters+CoreDataClass.swift"; sourceTree = "<group>"; };
		780C7D6627A7F26A008C8D53 /* Counters+CoreDataProperties.swift */ = {isa = PBXFileReference; lastKnownFileType = sourcecode.swift; path = "Counters+CoreDataProperties.swift"; sourceTree = "<group>"; };
		780C7D7B27AA553A008C8D53 /* GroupPrompt.swift */ = {isa = PBXFileReference; lastKnownFileType = sourcecode.swift; path = GroupPrompt.swift; sourceTree = "<group>"; };
		782DA70F27ABCE1A00FBA666 /* GroupOptions.swift */ = {isa = PBXFileReference; lastKnownFileType = sourcecode.swift; path = GroupOptions.swift; sourceTree = "<group>"; };
		782DA71527ABE75C00FBA666 /* GroupOptions.storyboard */ = {isa = PBXFileReference; lastKnownFileType = file.storyboard; path = GroupOptions.storyboard; sourceTree = "<group>"; };
		7836BADE27AD73F200CC860D /* Listing.swift */ = {isa = PBXFileReference; lastKnownFileType = sourcecode.swift; path = Listing.swift; sourceTree = "<group>"; };
		7878119327BB9D92004DA85E /* TestingGroupCell.swift */ = {isa = PBXFileReference; lastKnownFileType = sourcecode.swift; path = TestingGroupCell.swift; sourceTree = "<group>"; };
		78937E0827BCE264002B01A5 /* WallPaperManager.swift */ = {isa = PBXFileReference; lastKnownFileType = sourcecode.swift; path = WallPaperManager.swift; sourceTree = "<group>"; };
		78937E2F27BE2F3D002B01A5 /* NIBSectionHeader.swift */ = {isa = PBXFileReference; lastKnownFileType = sourcecode.swift; path = NIBSectionHeader.swift; sourceTree = "<group>"; };
		78937E3527BE32F9002B01A5 /* NIBSectionHeader.xib */ = {isa = PBXFileReference; lastKnownFileType = file.xib; path = NIBSectionHeader.xib; sourceTree = "<group>"; };
		78CDDEB627AD5C5800210B26 /* GroupPrompt.storyboard */ = {isa = PBXFileReference; lastKnownFileType = file.storyboard; path = GroupPrompt.storyboard; sourceTree = "<group>"; };
		78CF7F0C279A977B00AC6182 /* SearchRouter.swift */ = {isa = PBXFileReference; lastKnownFileType = sourcecode.swift; path = SearchRouter.swift; sourceTree = "<group>"; };
		78CF7F0E279A978600AC6182 /* ProfileRouter.swift */ = {isa = PBXFileReference; lastKnownFileType = sourcecode.swift; path = ProfileRouter.swift; sourceTree = "<group>"; };
		78CF7F10279A979300AC6182 /* PopulateListRouter.swift */ = {isa = PBXFileReference; lastKnownFileType = sourcecode.swift; path = PopulateListRouter.swift; sourceTree = "<group>"; };
		78CF7F12279A98EB00AC6182 /* PopulateListProtocols.swift */ = {isa = PBXFileReference; lastKnownFileType = sourcecode.swift; path = PopulateListProtocols.swift; sourceTree = "<group>"; };
		78CF7F14279A98F700AC6182 /* ProfileProtocols.swift */ = {isa = PBXFileReference; lastKnownFileType = sourcecode.swift; path = ProfileProtocols.swift; sourceTree = "<group>"; };
		78CF7F16279A990300AC6182 /* SearchProtocols.swift */ = {isa = PBXFileReference; lastKnownFileType = sourcecode.swift; path = SearchProtocols.swift; sourceTree = "<group>"; };
		78CF7F1A279AA3C700AC6182 /* PopulateList.swift */ = {isa = PBXFileReference; lastKnownFileType = sourcecode.swift; path = PopulateList.swift; sourceTree = "<group>"; };
		78CF7F1D279AA3FC00AC6182 /* PopulateList.storyboard */ = {isa = PBXFileReference; lastKnownFileType = file.storyboard; path = PopulateList.storyboard; sourceTree = "<group>"; };
		78CF7F1F279AC91B00AC6182 /* PopulateListPresenter.swift */ = {isa = PBXFileReference; lastKnownFileType = sourcecode.swift; path = PopulateListPresenter.swift; sourceTree = "<group>"; };
		78CF7F21279ACBC600AC6182 /* PopulateListInteractor.swift */ = {isa = PBXFileReference; lastKnownFileType = sourcecode.swift; path = PopulateListInteractor.swift; sourceTree = "<group>"; };
		78CFF88D27BBDE1800341BD0 /* WallpaperCollectionCell.swift */ = {isa = PBXFileReference; lastKnownFileType = sourcecode.swift; path = WallpaperCollectionCell.swift; sourceTree = "<group>"; };
		78CFF88E27BBDE1800341BD0 /* WallpaperCollectionCell.xib */ = {isa = PBXFileReference; lastKnownFileType = file.xib; path = WallpaperCollectionCell.xib; sourceTree = "<group>"; };
		78F2D1DF27B6910A00A3DDA0 /* CoreDataManager.swift */ = {isa = PBXFileReference; lastKnownFileType = sourcecode.swift; path = CoreDataManager.swift; sourceTree = "<group>"; };
		78F2D1E227B6939700A3DDA0 /* LoggingSystemFlow.swift */ = {isa = PBXFileReference; lastKnownFileType = sourcecode.swift; path = LoggingSystemFlow.swift; sourceTree = "<group>"; };
		78F2D1E427B693CE00A3DDA0 /* Results.swift */ = {isa = PBXFileReference; lastKnownFileType = sourcecode.swift; path = Results.swift; sourceTree = "<group>"; };
		78F2D1E727BA4AD100A3DDA0 /* ResultCell.swift */ = {isa = PBXFileReference; lastKnownFileType = sourcecode.swift; path = ResultCell.swift; sourceTree = "<group>"; };
		78F2D1E927BA4B5F00A3DDA0 /* Search.storyboard */ = {isa = PBXFileReference; fileEncoding = 4; lastKnownFileType = file.storyboard; path = Search.storyboard; sourceTree = "<group>"; };
		78F2D1EC27BA628500A3DDA0 /* Tester.storyboard */ = {isa = PBXFileReference; lastKnownFileType = file.storyboard; path = Tester.storyboard; sourceTree = "<group>"; };
		78F2D1EE27BA629A00A3DDA0 /* Tester.swift */ = {isa = PBXFileReference; lastKnownFileType = sourcecode.swift; path = Tester.swift; sourceTree = "<group>"; };
		78F2D1F127BA8B4A00A3DDA0 /* TestingListCell.swift */ = {isa = PBXFileReference; lastKnownFileType = sourcecode.swift; path = TestingListCell.swift; sourceTree = "<group>"; };
		78F2D1F327BA8B5900A3DDA0 /* TestingListItemCell.swift */ = {isa = PBXFileReference; lastKnownFileType = sourcecode.swift; path = TestingListItemCell.swift; sourceTree = "<group>"; };
/* End PBXFileReference section */

/* Begin PBXFrameworksBuildPhase section */
		7805890127954957007A327E /* Frameworks */ = {
			isa = PBXFrameworksBuildPhase;
			buildActionMask = 2147483647;
			files = (
			);
			runOnlyForDeploymentPostprocessing = 0;
		};
/* End PBXFrameworksBuildPhase section */

/* Begin PBXGroup section */
		780588FB27954957007A327E = {
			isa = PBXGroup;
			children = (
				7805890627954957007A327E /* TestProject */,
				7805890527954957007A327E /* Products */,
			);
			sourceTree = "<group>";
		};
		7805890527954957007A327E /* Products */ = {
			isa = PBXGroup;
			children = (
				7805890427954957007A327E /* TestProject.app */,
			);
			name = Products;
			sourceTree = "<group>";
		};
		7805890627954957007A327E /* TestProject */ = {
			isa = PBXGroup;
			children = (
				7805892C27955561007A327E /* Views */,
				7805892A2795546F007A327E /* Modules */,
				780C7D2127A3C5B8008C8D53 /* Supplementary */,
				7805891B2795528E007A327E /* Entities */,
				7805890727954957007A327E /* AppDelegate.swift */,
				7805890927954957007A327E /* SceneDelegate.swift */,
				7805891027954959007A327E /* Assets.xcassets */,
				7805891227954959007A327E /* LaunchScreen.storyboard */,
				7805891527954959007A327E /* Info.plist */,
			);
			path = TestProject;
			sourceTree = "<group>";
		};
		7805891B2795528E007A327E /* Entities */ = {
			isa = PBXGroup;
			children = (
				780C7D3427A3F84C008C8D53 /* ImplementersPlugin */,
				780C7D3127A3F796008C8D53 /* DataRepository */,
				780C7D2027A3C58D008C8D53 /* Models */,
				780C7D1D27A3C4F8008C8D53 /* Database */,
			);
			path = Entities;
			sourceTree = "<group>";
		};
		7805891C27955296007A327E /* Constants */ = {
			isa = PBXGroup;
			children = (
				7805892227955342007A327E /* Constants.swift */,
			);
			path = Constants;
			sourceTree = "<group>";
		};
		7805891D279552A5007A327E /* Utility */ = {
			isa = PBXGroup;
			children = (
				780589202795532F007A327E /* Utilities.swift */,
				78F2D1E427B693CE00A3DDA0 /* Results.swift */,
			);
			path = Utility;
			sourceTree = "<group>";
		};
		7805892A2795546F007A327E /* Modules */ = {
			isa = PBXGroup;
			children = (
				7805892B27955478007A327E /* Populate Menu */,
				78CF7F0B279A975600AC6182 /* Populate List */,
				78CF7F0A279A974C00AC6182 /* Profile */,
				78CF7F09279A974500AC6182 /* Search */,
			);
			path = Modules;
			sourceTree = "<group>";
		};
		7805892B27955478007A327E /* Populate Menu */ = {
			isa = PBXGroup;
			children = (
				780589792796A886007A327E /* PopulateMenuProtocols.swift */,
				7805897B2796B8DC007A327E /* PopulateMenuPresenter.swift */,
				7805897E2796CBAD007A327E /* PopulateMenuInteractor.swift */,
				780589802796CE3A007A327E /* PopulateMenuRouter.swift */,
			);
			path = "Populate Menu";
			sourceTree = "<group>";
		};
		7805892C27955561007A327E /* Views */ = {
			isa = PBXGroup;
			children = (
				78F2D1EB27BA627600A3DDA0 /* Testing Views */,
				782DA70C27ABC98100FBA666 /* Group Options */,
				780C7D7F27AA5A29008C8D53 /* TableView Cells */,
				780C7D7227A96062008C8D53 /* Group Prompt */,
				780C7CCA27A01B76008C8D53 /* Search */,
				780C7CC527A01AA7008C8D53 /* Profile */,
				78CF7F1C279AA3CD00AC6182 /* Populate List */,
				7805892D27955569007A327E /* MainMenu */,
			);
			path = Views;
			sourceTree = "<group>";
		};
		7805892D27955569007A327E /* MainMenu */ = {
			isa = PBXGroup;
			children = (
				780589302795558F007A327E /* MenuVC.swift */,
				7805893927958BF2007A327E /* Menu.storyboard */,
			);
			name = MainMenu;
			sourceTree = "<group>";
		};
		7805893227955D28007A327E /* List Cell */ = {
			isa = PBXGroup;
			children = (
				7805894327959B8B007A327E /* OptionalListCell.swift */,
			);
			name = "List Cell";
			sourceTree = "<group>";
		};
		7805897D2796BADB007A327E /* List Item Cell */ = {
			isa = PBXGroup;
			children = (
				780589472795A475007A327E /* ListItemCell.swift */,
			);
			name = "List Item Cell";
			sourceTree = "<group>";
		};
		780C7CC527A01AA7008C8D53 /* Profile */ = {
			isa = PBXGroup;
			children = (
				780C7CC627A01AB9008C8D53 /* Profile.storyboard */,
				780C7CC827A01AC4008C8D53 /* Profile.swift */,
			);
			name = Profile;
			sourceTree = "<group>";
		};
		780C7CCA27A01B76008C8D53 /* Search */ = {
			isa = PBXGroup;
			children = (
				78F2D1E927BA4B5F00A3DDA0 /* Search.storyboard */,
				780C7CCD27A01B95008C8D53 /* Search.swift */,
			);
			name = Search;
			sourceTree = "<group>";
		};
		780C7D1D27A3C4F8008C8D53 /* Database */ = {
			isa = PBXGroup;
			children = (
				780C7D2227A3D2A8008C8D53 /* ToDoApp.xcdatamodeld */,
			);
			path = Database;
			sourceTree = "<group>";
		};
		780C7D2027A3C58D008C8D53 /* Models */ = {
			isa = PBXGroup;
			children = (
				780C7D6527A7F26A008C8D53 /* Counters+CoreDataClass.swift */,
				780C7D6627A7F26A008C8D53 /* Counters+CoreDataProperties.swift */,
				780C7D5D27A7E6E9008C8D53 /* Group+CoreDataClass.swift */,
				780C7D5E27A7E6E9008C8D53 /* Group+CoreDataProperties.swift */,
				780C7D4927A41391008C8D53 /* ListItem+CoreDataClass.swift */,
				780C7D4A27A41391008C8D53 /* ListItem+CoreDataProperties.swift */,
				780C7D4D27A41391008C8D53 /* List+CoreDataClass.swift */,
				780C7D4E27A41391008C8D53 /* List+CoreDataProperties.swift */,
			);
			path = Models;
			sourceTree = "<group>";
		};
		780C7D2127A3C5B8008C8D53 /* Supplementary */ = {
			isa = PBXGroup;
			children = (
				78937E0727BCE253002B01A5 /* Wallpapers */,
				78F2D1E127B6938300A3DDA0 /* Logging */,
				7805891D279552A5007A327E /* Utility */,
				7805891C27955296007A327E /* Constants */,
			);
			path = Supplementary;
			sourceTree = "<group>";
		};
		780C7D3127A3F796008C8D53 /* DataRepository */ = {
			isa = PBXGroup;
			children = (
				780C7D3227A3F7B7008C8D53 /* ProtocolDataRepository.swift */,
				780C7D3827A3FC07008C8D53 /* DataRepository.swift */,
			);
			path = DataRepository;
			sourceTree = "<group>";
		};
		780C7D3427A3F84C008C8D53 /* ImplementersPlugin */ = {
			isa = PBXGroup;
			children = (
				780C7D1927A2D643008C8D53 /* ProtocolDataSource.swift */,
				780C7D3527A3F875008C8D53 /* CoreData */,
			);
			path = ImplementersPlugin;
			sourceTree = "<group>";
		};
		780C7D3527A3F875008C8D53 /* CoreData */ = {
			isa = PBXGroup;
			children = (
				780C7D3627A3FBE9008C8D53 /* CoreData.swift */,
				78F2D1DF27B6910A00A3DDA0 /* CoreDataManager.swift */,
			);
			path = CoreData;
			sourceTree = "<group>";
		};
		780C7D7227A96062008C8D53 /* Group Prompt */ = {
			isa = PBXGroup;
			children = (
				780C7D7B27AA553A008C8D53 /* GroupPrompt.swift */,
				78CDDEB627AD5C5800210B26 /* GroupPrompt.storyboard */,
			);
			name = "Group Prompt";
			sourceTree = "<group>";
		};
		780C7D7F27AA5A29008C8D53 /* TableView Cells */ = {
			isa = PBXGroup;
			children = (
				78937E2E27BE2F15002B01A5 /* NIBSectionHeader */,
				78F2D1E627BA4ABC00A3DDA0 /* Result Cell */,
				7836BADD27AD73D900CC860D /* Prompt Listing */,
				7805893227955D28007A327E /* List Cell */,
				7805897D2796BADB007A327E /* List Item Cell */,
			);
			name = "TableView Cells";
			sourceTree = "<group>";
		};
		782DA70C27ABC98100FBA666 /* Group Options */ = {
			isa = PBXGroup;
			children = (
				782DA70F27ABCE1A00FBA666 /* GroupOptions.swift */,
				782DA71527ABE75C00FBA666 /* GroupOptions.storyboard */,
			);
			name = "Group Options";
			sourceTree = "<group>";
		};
		7836BADD27AD73D900CC860D /* Prompt Listing */ = {
			isa = PBXGroup;
			children = (
				7836BADE27AD73F200CC860D /* Listing.swift */,
			);
			name = "Prompt Listing";
			sourceTree = "<group>";
		};
		78937E0727BCE253002B01A5 /* Wallpapers */ = {
			isa = PBXGroup;
			children = (
				78937E0827BCE264002B01A5 /* WallPaperManager.swift */,
			);
			path = Wallpapers;
			sourceTree = "<group>";
		};
		78937E2E27BE2F15002B01A5 /* NIBSectionHeader */ = {
			isa = PBXGroup;
			children = (
				78937E2F27BE2F3D002B01A5 /* NIBSectionHeader.swift */,
				78937E3527BE32F9002B01A5 /* NIBSectionHeader.xib */,
			);
			name = NIBSectionHeader;
			sourceTree = "<group>";
		};
		78CF7F09279A974500AC6182 /* Search */ = {
			isa = PBXGroup;
			children = (
				78CF7F0C279A977B00AC6182 /* SearchRouter.swift */,
				78CF7F16279A990300AC6182 /* SearchProtocols.swift */,
				780C7CCF27A02E51008C8D53 /* SearchPresenter.swift */,
				780C7CD127A02E98008C8D53 /* SearchInteractor.swift */,
			);
			path = Search;
			sourceTree = "<group>";
		};
		78CF7F0A279A974C00AC6182 /* Profile */ = {
			isa = PBXGroup;
			children = (
				78CF7F0E279A978600AC6182 /* ProfileRouter.swift */,
				78CF7F14279A98F700AC6182 /* ProfileProtocols.swift */,
				780C7CD327A11D7C008C8D53 /* ProfileInteractor.swift */,
				780C7CD527A11D96008C8D53 /* ProfilePresenter.swift */,
			);
			path = Profile;
			sourceTree = "<group>";
		};
		78CF7F0B279A975600AC6182 /* Populate List */ = {
			isa = PBXGroup;
			children = (
				78CF7F10279A979300AC6182 /* PopulateListRouter.swift */,
				78CF7F12279A98EB00AC6182 /* PopulateListProtocols.swift */,
				78CF7F1F279AC91B00AC6182 /* PopulateListPresenter.swift */,
				78CF7F21279ACBC600AC6182 /* PopulateListInteractor.swift */,
			);
			path = "Populate List";
			sourceTree = "<group>";
		};
		78CF7F1C279AA3CD00AC6182 /* Populate List */ = {
			isa = PBXGroup;
			children = (
				78CFF88C27BBDDEA00341BD0 /* Wallpaper */,
				78CF7F1A279AA3C700AC6182 /* PopulateList.swift */,
				78CF7F1D279AA3FC00AC6182 /* PopulateList.storyboard */,
			);
			name = "Populate List";
			sourceTree = "<group>";
		};
		78CFF88C27BBDDEA00341BD0 /* Wallpaper */ = {
			isa = PBXGroup;
			children = (
				78CFF88D27BBDE1800341BD0 /* WallpaperCollectionCell.swift */,
				78CFF88E27BBDE1800341BD0 /* WallpaperCollectionCell.xib */,
			);
			path = Wallpaper;
			sourceTree = "<group>";
		};
		78F2D1E127B6938300A3DDA0 /* Logging */ = {
			isa = PBXGroup;
			children = (
				78F2D1E227B6939700A3DDA0 /* LoggingSystemFlow.swift */,
			);
			path = Logging;
			sourceTree = "<group>";
		};
		78F2D1E627BA4ABC00A3DDA0 /* Result Cell */ = {
			isa = PBXGroup;
			children = (
				78F2D1E727BA4AD100A3DDA0 /* ResultCell.swift */,
			);
			name = "Result Cell";
			sourceTree = "<group>";
		};
		78F2D1EB27BA627600A3DDA0 /* Testing Views */ = {
			isa = PBXGroup;
			children = (
				78F2D1F027BA8B2800A3DDA0 /* Cells */,
				78F2D1EC27BA628500A3DDA0 /* Tester.storyboard */,
				78F2D1EE27BA629A00A3DDA0 /* Tester.swift */,
			);
			name = "Testing Views";
			sourceTree = "<group>";
		};
		78F2D1F027BA8B2800A3DDA0 /* Cells */ = {
			isa = PBXGroup;
			children = (
				78F2D1F127BA8B4A00A3DDA0 /* TestingListCell.swift */,
				78F2D1F327BA8B5900A3DDA0 /* TestingListItemCell.swift */,
				7878119327BB9D92004DA85E /* TestingGroupCell.swift */,
			);
			path = Cells;
			sourceTree = "<group>";
		};
/* End PBXGroup section */

/* Begin PBXNativeTarget section */
		7805890327954957007A327E /* TestProject */ = {
			isa = PBXNativeTarget;
			buildConfigurationList = 7805891827954959007A327E /* Build configuration list for PBXNativeTarget "TestProject" */;
			buildPhases = (
				7805890027954957007A327E /* Sources */,
				7805890127954957007A327E /* Frameworks */,
				7805890227954957007A327E /* Resources */,
			);
			buildRules = (
			);
			dependencies = (
			);
			name = TestProject;
			productName = TestProject;
			productReference = 7805890427954957007A327E /* TestProject.app */;
			productType = "com.apple.product-type.application";
		};
/* End PBXNativeTarget section */

/* Begin PBXProject section */
		780588FC27954957007A327E /* Project object */ = {
			isa = PBXProject;
			attributes = {
				BuildIndependentTargetsInParallel = 1;
				LastSwiftUpdateCheck = 1320;
				LastUpgradeCheck = 1320;
				TargetAttributes = {
					7805890327954957007A327E = {
						CreatedOnToolsVersion = 13.2.1;
					};
				};
			};
			buildConfigurationList = 780588FF27954957007A327E /* Build configuration list for PBXProject "TestProject" */;
			compatibilityVersion = "Xcode 13.0";
			developmentRegion = en;
			hasScannedForEncodings = 0;
			knownRegions = (
				en,
				Base,
			);
			mainGroup = 780588FB27954957007A327E;
			productRefGroup = 7805890527954957007A327E /* Products */;
			projectDirPath = "";
			projectRoot = "";
			targets = (
				7805890327954957007A327E /* TestProject */,
			);
		};
/* End PBXProject section */

/* Begin PBXResourcesBuildPhase section */
		7805890227954957007A327E /* Resources */ = {
			isa = PBXResourcesBuildPhase;
			buildActionMask = 2147483647;
			files = (
				78CF7F1E279AA3FC00AC6182 /* PopulateList.storyboard in Resources */,
				7805891427954959007A327E /* LaunchScreen.storyboard in Resources */,
				782DA71627ABE75C00FBA666 /* GroupOptions.storyboard in Resources */,
				7805893A27958BF2007A327E /* Menu.storyboard in Resources */,
				78937E3627BE32F9002B01A5 /* NIBSectionHeader.xib in Resources */,
				78F2D1EA27BA4B5F00A3DDA0 /* Search.storyboard in Resources */,
				780C7CC727A01AB9008C8D53 /* Profile.storyboard in Resources */,
				7805891127954959007A327E /* Assets.xcassets in Resources */,
				78CFF89027BBDE1800341BD0 /* WallpaperCollectionCell.xib in Resources */,
				78CDDEB727AD5C5800210B26 /* GroupPrompt.storyboard in Resources */,
				78F2D1ED27BA628500A3DDA0 /* Tester.storyboard in Resources */,
			);
			runOnlyForDeploymentPostprocessing = 0;
		};
/* End PBXResourcesBuildPhase section */

/* Begin PBXSourcesBuildPhase section */
		7805890027954957007A327E /* Sources */ = {
			isa = PBXSourcesBuildPhase;
			buildActionMask = 2147483647;
			files = (
				780C7CD027A02E51008C8D53 /* SearchPresenter.swift in Sources */,
				780589812796CE3A007A327E /* PopulateMenuRouter.swift in Sources */,
				78937E3027BE2F3D002B01A5 /* NIBSectionHeader.swift in Sources */,
				78F2D1E327B6939700A3DDA0 /* LoggingSystemFlow.swift in Sources */,
				780C7D2427A3D2A8008C8D53 /* ToDoApp.xcdatamodeld in Sources */,
				780589212795532F007A327E /* Utilities.swift in Sources */,
				780C7D3927A3FC07008C8D53 /* DataRepository.swift in Sources */,
				780C7D5127A41391008C8D53 /* ListItem+CoreDataClass.swift in Sources */,
				780C7CD627A11D96008C8D53 /* ProfilePresenter.swift in Sources */,
				780C7D6027A7E6E9008C8D53 /* Group+CoreDataProperties.swift in Sources */,
				780C7D5627A41391008C8D53 /* List+CoreDataProperties.swift in Sources */,
				7805897A2796A886007A327E /* PopulateMenuProtocols.swift in Sources */,
				78CFF88F27BBDE1800341BD0 /* WallpaperCollectionCell.swift in Sources */,
				78CF7F0D279A977B00AC6182 /* SearchRouter.swift in Sources */,
				7805890827954957007A327E /* AppDelegate.swift in Sources */,
				7836BADF27AD73F200CC860D /* Listing.swift in Sources */,
				78CF7F22279ACBC600AC6182 /* PopulateListInteractor.swift in Sources */,
				78CF7F11279A979300AC6182 /* PopulateListRouter.swift in Sources */,
				7805894527959B8B007A327E /* OptionalListCell.swift in Sources */,
				78CF7F0F279A978600AC6182 /* ProfileRouter.swift in Sources */,
				78CF7F1B279AA3C700AC6182 /* PopulateList.swift in Sources */,
				78CF7F17279A990300AC6182 /* SearchProtocols.swift in Sources */,
				780C7CCE27A01B95008C8D53 /* Search.swift in Sources */,
				78CF7F20279AC91B00AC6182 /* PopulateListPresenter.swift in Sources */,
				780C7D6727A7F26A008C8D53 /* Counters+CoreDataClass.swift in Sources */,
				780589492795A475007A327E /* ListItemCell.swift in Sources */,
				78F2D1E827BA4AD100A3DDA0 /* ResultCell.swift in Sources */,
				780C7D1A27A2D643008C8D53 /* ProtocolDataSource.swift in Sources */,
				78CF7F13279A98EB00AC6182 /* PopulateListProtocols.swift in Sources */,
				7805890A27954957007A327E /* SceneDelegate.swift in Sources */,
				780589312795558F007A327E /* MenuVC.swift in Sources */,
				78F2D1EF27BA629A00A3DDA0 /* Tester.swift in Sources */,
				78F2D1F427BA8B5900A3DDA0 /* TestingListItemCell.swift in Sources */,
				78F2D1F227BA8B4A00A3DDA0 /* TestingListCell.swift in Sources */,
				780C7CD427A11D7C008C8D53 /* ProfileInteractor.swift in Sources */,
				7805897C2796B8DC007A327E /* PopulateMenuPresenter.swift in Sources */,
				780C7D5F27A7E6E9008C8D53 /* Group+CoreDataClass.swift in Sources */,
				780C7D6827A7F26A008C8D53 /* Counters+CoreDataProperties.swift in Sources */,
				78F2D1E027B6910A00A3DDA0 /* CoreDataManager.swift in Sources */,
				780C7D3727A3FBE9008C8D53 /* CoreData.swift in Sources */,
				78937E0927BCE264002B01A5 /* WallPaperManager.swift in Sources */,
				780C7D5527A41391008C8D53 /* List+CoreDataClass.swift in Sources */,
				780C7CD227A02E98008C8D53 /* SearchInteractor.swift in Sources */,
				780C7D5227A41391008C8D53 /* ListItem+CoreDataProperties.swift in Sources */,
				780C7D3327A3F7B7008C8D53 /* ProtocolDataRepository.swift in Sources */,
				7805892327955342007A327E /* Constants.swift in Sources */,
				7805897F2796CBAD007A327E /* PopulateMenuInteractor.swift in Sources */,
				782DA71027ABCE1A00FBA666 /* GroupOptions.swift in Sources */,
				780C7D7C27AA553A008C8D53 /* GroupPrompt.swift in Sources */,
				7878119427BB9D92004DA85E /* TestingGroupCell.swift in Sources */,
				780C7CC927A01AC4008C8D53 /* Profile.swift in Sources */,
				78CF7F15279A98F700AC6182 /* ProfileProtocols.swift in Sources */,
				78F2D1E527B693CE00A3DDA0 /* Results.swift in Sources */,
			);
			runOnlyForDeploymentPostprocessing = 0;
		};
/* End PBXSourcesBuildPhase section */

/* Begin PBXVariantGroup section */
		7805891227954959007A327E /* LaunchScreen.storyboard */ = {
			isa = PBXVariantGroup;
			children = (
				7805891327954959007A327E /* Base */,
			);
			name = LaunchScreen.storyboard;
			sourceTree = "<group>";
		};
/* End PBXVariantGroup section */

/* Begin XCBuildConfiguration section */
		7805891627954959007A327E /* Debug */ = {
			isa = XCBuildConfiguration;
			buildSettings = {
				ALWAYS_SEARCH_USER_PATHS = NO;
				CLANG_ANALYZER_NONNULL = YES;
				CLANG_ANALYZER_NUMBER_OBJECT_CONVERSION = YES_AGGRESSIVE;
				CLANG_CXX_LANGUAGE_STANDARD = "gnu++17";
				CLANG_CXX_LIBRARY = "libc++";
				CLANG_ENABLE_MODULES = YES;
				CLANG_ENABLE_OBJC_ARC = YES;
				CLANG_ENABLE_OBJC_WEAK = YES;
				CLANG_WARN_BLOCK_CAPTURE_AUTORELEASING = YES;
				CLANG_WARN_BOOL_CONVERSION = YES;
				CLANG_WARN_COMMA = YES;
				CLANG_WARN_CONSTANT_CONVERSION = YES;
				CLANG_WARN_DEPRECATED_OBJC_IMPLEMENTATIONS = YES;
				CLANG_WARN_DIRECT_OBJC_ISA_USAGE = YES_ERROR;
				CLANG_WARN_DOCUMENTATION_COMMENTS = YES;
				CLANG_WARN_EMPTY_BODY = YES;
				CLANG_WARN_ENUM_CONVERSION = YES;
				CLANG_WARN_INFINITE_RECURSION = YES;
				CLANG_WARN_INT_CONVERSION = YES;
				CLANG_WARN_NON_LITERAL_NULL_CONVERSION = YES;
				CLANG_WARN_OBJC_IMPLICIT_RETAIN_SELF = YES;
				CLANG_WARN_OBJC_LITERAL_CONVERSION = YES;
				CLANG_WARN_OBJC_ROOT_CLASS = YES_ERROR;
				CLANG_WARN_QUOTED_INCLUDE_IN_FRAMEWORK_HEADER = YES;
				CLANG_WARN_RANGE_LOOP_ANALYSIS = YES;
				CLANG_WARN_STRICT_PROTOTYPES = YES;
				CLANG_WARN_SUSPICIOUS_MOVE = YES;
				CLANG_WARN_UNGUARDED_AVAILABILITY = YES_AGGRESSIVE;
				CLANG_WARN_UNREACHABLE_CODE = YES;
				CLANG_WARN__DUPLICATE_METHOD_MATCH = YES;
				COPY_PHASE_STRIP = NO;
				DEBUG_INFORMATION_FORMAT = dwarf;
				ENABLE_STRICT_OBJC_MSGSEND = YES;
				ENABLE_TESTABILITY = YES;
				GCC_C_LANGUAGE_STANDARD = gnu11;
				GCC_DYNAMIC_NO_PIC = NO;
				GCC_NO_COMMON_BLOCKS = YES;
				GCC_OPTIMIZATION_LEVEL = 0;
				GCC_PREPROCESSOR_DEFINITIONS = (
					"DEBUG=1",
					"$(inherited)",
				);
				GCC_WARN_64_TO_32_BIT_CONVERSION = YES;
				GCC_WARN_ABOUT_RETURN_TYPE = YES_ERROR;
				GCC_WARN_UNDECLARED_SELECTOR = YES;
				GCC_WARN_UNINITIALIZED_AUTOS = YES_AGGRESSIVE;
				GCC_WARN_UNUSED_FUNCTION = YES;
				GCC_WARN_UNUSED_VARIABLE = YES;
				IPHONEOS_DEPLOYMENT_TARGET = 15.2;
				MTL_ENABLE_DEBUG_INFO = INCLUDE_SOURCE;
				MTL_FAST_MATH = YES;
				ONLY_ACTIVE_ARCH = YES;
				SDKROOT = iphoneos;
				SWIFT_ACTIVE_COMPILATION_CONDITIONS = DEBUG;
				SWIFT_OPTIMIZATION_LEVEL = "-Onone";
			};
			name = Debug;
		};
		7805891727954959007A327E /* Release */ = {
			isa = XCBuildConfiguration;
			buildSettings = {
				ALWAYS_SEARCH_USER_PATHS = NO;
				CLANG_ANALYZER_NONNULL = YES;
				CLANG_ANALYZER_NUMBER_OBJECT_CONVERSION = YES_AGGRESSIVE;
				CLANG_CXX_LANGUAGE_STANDARD = "gnu++17";
				CLANG_CXX_LIBRARY = "libc++";
				CLANG_ENABLE_MODULES = YES;
				CLANG_ENABLE_OBJC_ARC = YES;
				CLANG_ENABLE_OBJC_WEAK = YES;
				CLANG_WARN_BLOCK_CAPTURE_AUTORELEASING = YES;
				CLANG_WARN_BOOL_CONVERSION = YES;
				CLANG_WARN_COMMA = YES;
				CLANG_WARN_CONSTANT_CONVERSION = YES;
				CLANG_WARN_DEPRECATED_OBJC_IMPLEMENTATIONS = YES;
				CLANG_WARN_DIRECT_OBJC_ISA_USAGE = YES_ERROR;
				CLANG_WARN_DOCUMENTATION_COMMENTS = YES;
				CLANG_WARN_EMPTY_BODY = YES;
				CLANG_WARN_ENUM_CONVERSION = YES;
				CLANG_WARN_INFINITE_RECURSION = YES;
				CLANG_WARN_INT_CONVERSION = YES;
				CLANG_WARN_NON_LITERAL_NULL_CONVERSION = YES;
				CLANG_WARN_OBJC_IMPLICIT_RETAIN_SELF = YES;
				CLANG_WARN_OBJC_LITERAL_CONVERSION = YES;
				CLANG_WARN_OBJC_ROOT_CLASS = YES_ERROR;
				CLANG_WARN_QUOTED_INCLUDE_IN_FRAMEWORK_HEADER = YES;
				CLANG_WARN_RANGE_LOOP_ANALYSIS = YES;
				CLANG_WARN_STRICT_PROTOTYPES = YES;
				CLANG_WARN_SUSPICIOUS_MOVE = YES;
				CLANG_WARN_UNGUARDED_AVAILABILITY = YES_AGGRESSIVE;
				CLANG_WARN_UNREACHABLE_CODE = YES;
				CLANG_WARN__DUPLICATE_METHOD_MATCH = YES;
				COPY_PHASE_STRIP = NO;
				DEBUG_INFORMATION_FORMAT = "dwarf-with-dsym";
				ENABLE_NS_ASSERTIONS = NO;
				ENABLE_STRICT_OBJC_MSGSEND = YES;
				GCC_C_LANGUAGE_STANDARD = gnu11;
				GCC_NO_COMMON_BLOCKS = YES;
				GCC_WARN_64_TO_32_BIT_CONVERSION = YES;
				GCC_WARN_ABOUT_RETURN_TYPE = YES_ERROR;
				GCC_WARN_UNDECLARED_SELECTOR = YES;
				GCC_WARN_UNINITIALIZED_AUTOS = YES_AGGRESSIVE;
				GCC_WARN_UNUSED_FUNCTION = YES;
				GCC_WARN_UNUSED_VARIABLE = YES;
				IPHONEOS_DEPLOYMENT_TARGET = 15.2;
				MTL_ENABLE_DEBUG_INFO = NO;
				MTL_FAST_MATH = YES;
				SDKROOT = iphoneos;
				SWIFT_COMPILATION_MODE = wholemodule;
				SWIFT_OPTIMIZATION_LEVEL = "-O";
				VALIDATE_PRODUCT = YES;
			};
			name = Release;
		};
		7805891927954959007A327E /* Debug */ = {
			isa = XCBuildConfiguration;
			buildSettings = {
				ASSETCATALOG_COMPILER_APPICON_NAME = AppIcon;
				ASSETCATALOG_COMPILER_GLOBAL_ACCENT_COLOR_NAME = AccentColor;
				CODE_SIGN_STYLE = Automatic;
				CURRENT_PROJECT_VERSION = 1;
				DEVELOPMENT_TEAM = JPQZZ4F65F;
				GENERATE_INFOPLIST_FILE = YES;
				INFOPLIST_FILE = TestProject/Info.plist;
				INFOPLIST_KEY_CFBundleDisplayName = ToDoList;
				INFOPLIST_KEY_UIApplicationSupportsIndirectInputEvents = YES;
				INFOPLIST_KEY_UILaunchStoryboardName = LaunchScreen;
				INFOPLIST_KEY_UIMainStoryboardFile = LaunchScreen;
				INFOPLIST_KEY_UISupportedInterfaceOrientations_iPad = "UIInterfaceOrientationPortrait UIInterfaceOrientationPortraitUpsideDown UIInterfaceOrientationLandscapeLeft UIInterfaceOrientationLandscapeRight";
				INFOPLIST_KEY_UISupportedInterfaceOrientations_iPhone = "UIInterfaceOrientationPortrait UIInterfaceOrientationLandscapeLeft UIInterfaceOrientationLandscapeRight";
				LD_RUNPATH_SEARCH_PATHS = (
					"$(inherited)",
					"@executable_path/Frameworks",
				);
				MARKETING_VERSION = 1.0;
				PRODUCT_BUNDLE_IDENTIFIER = com.Bogus.TestProject;
				PRODUCT_NAME = "$(TARGET_NAME)";
				SWIFT_EMIT_LOC_STRINGS = YES;
				SWIFT_VERSION = 5.0;
				TARGETED_DEVICE_FAMILY = "1,2";
			};
			name = Debug;
		};
		7805891A27954959007A327E /* Release */ = {
			isa = XCBuildConfiguration;
			buildSettings = {
				ASSETCATALOG_COMPILER_APPICON_NAME = AppIcon;
				ASSETCATALOG_COMPILER_GLOBAL_ACCENT_COLOR_NAME = AccentColor;
				CODE_SIGN_STYLE = Automatic;
				CURRENT_PROJECT_VERSION = 1;
				DEVELOPMENT_TEAM = JPQZZ4F65F;
				GENERATE_INFOPLIST_FILE = YES;
				INFOPLIST_FILE = TestProject/Info.plist;
				INFOPLIST_KEY_CFBundleDisplayName = ToDoList;
				INFOPLIST_KEY_UIApplicationSupportsIndirectInputEvents = YES;
				INFOPLIST_KEY_UILaunchStoryboardName = LaunchScreen;
				INFOPLIST_KEY_UIMainStoryboardFile = LaunchScreen;
				INFOPLIST_KEY_UISupportedInterfaceOrientations_iPad = "UIInterfaceOrientationPortrait UIInterfaceOrientationPortraitUpsideDown UIInterfaceOrientationLandscapeLeft UIInterfaceOrientationLandscapeRight";
				INFOPLIST_KEY_UISupportedInterfaceOrientations_iPhone = "UIInterfaceOrientationPortrait UIInterfaceOrientationLandscapeLeft UIInterfaceOrientationLandscapeRight";
				LD_RUNPATH_SEARCH_PATHS = (
					"$(inherited)",
					"@executable_path/Frameworks",
				);
				MARKETING_VERSION = 1.0;
				PRODUCT_BUNDLE_IDENTIFIER = com.Bogus.TestProject;
				PRODUCT_NAME = "$(TARGET_NAME)";
				SWIFT_EMIT_LOC_STRINGS = YES;
				SWIFT_VERSION = 5.0;
				TARGETED_DEVICE_FAMILY = "1,2";
			};
			name = Release;
		};
/* End XCBuildConfiguration section */

/* Begin XCConfigurationList section */
		780588FF27954957007A327E /* Build configuration list for PBXProject "TestProject" */ = {
			isa = XCConfigurationList;
			buildConfigurations = (
				7805891627954959007A327E /* Debug */,
				7805891727954959007A327E /* Release */,
			);
			defaultConfigurationIsVisible = 0;
			defaultConfigurationName = Release;
		};
		7805891827954959007A327E /* Build configuration list for PBXNativeTarget "TestProject" */ = {
			isa = XCConfigurationList;
			buildConfigurations = (
				7805891927954959007A327E /* Debug */,
				7805891A27954959007A327E /* Release */,
			);
			defaultConfigurationIsVisible = 0;
			defaultConfigurationName = Release;
		};
/* End XCConfigurationList section */

/* Begin XCVersionGroup section */
		780C7D2227A3D2A8008C8D53 /* ToDoApp.xcdatamodeld */ = {
			isa = XCVersionGroup;
			children = (
				780C7D2327A3D2A8008C8D53 /* ToDoApp.xcdatamodel */,
			);
			currentVersion = 780C7D2327A3D2A8008C8D53 /* ToDoApp.xcdatamodel */;
			path = ToDoApp.xcdatamodeld;
			sourceTree = "<group>";
			versionGroupType = wrapper.xcdatamodel;
		};
/* End XCVersionGroup section */
	};
	rootObject = 780588FC27954957007A327E /* Project object */;
}
